// !$*UTF8*$!
{
	archiveVersion = 1;
	classes = {
	};
	objectVersion = 46;
	objects = {

/* Begin PBXBuildFile section */
		53281C351F34023B007F8C04 /* prog6_jhd35_jae90_zms24.cpp in Sources */ = {isa = PBXBuildFile; fileRef = 53281C341F34023B007F8C04 /* prog6_jhd35_jae90_zms24.cpp */; };
/* End PBXBuildFile section */

/* Begin PBXCopyFilesBuildPhase section */
		53281C2F1F34023B007F8C04 /* CopyFiles */ = {
			isa = PBXCopyFilesBuildPhase;
			buildActionMask = 2147483647;
			dstPath = /usr/share/man/man1/;
			dstSubfolderSpec = 0;
			files = (
			);
			runOnlyForDeploymentPostprocessing = 1;
		};
/* End PBXCopyFilesBuildPhase section */

/* Begin PBXFileReference section */
		53281C311F34023B007F8C04 /* Program 6 */ = {isa = PBXFileReference; explicitFileType = "compiled.mach-o.executable"; includeInIndex = 0; path = "Program 6"; sourceTree = BUILT_PRODUCTS_DIR; };
		53281C341F34023B007F8C04 /* prog6_jhd35_jae90_zms24.cpp */ = {isa = PBXFileReference; lastKnownFileType = sourcecode.cpp.cpp; path = prog6_jhd35_jae90_zms24.cpp; sourceTree = "<group>"; };
		53281C3B1F34031D007F8C04 /* prog6_751inp.txt */ = {isa = PBXFileReference; fileEncoding = 4; lastKnownFileType = text; path = prog6_751inp.txt; sourceTree = "<group>"; };
		53281C3C1F3403AF007F8C04 /* prog6_751out.txt */ = {isa = PBXFileReference; lastKnownFileType = text; path = prog6_751out.txt; sourceTree = "<group>"; };
/* End PBXFileReference section */

/* Begin PBXFrameworksBuildPhase section */
		53281C2E1F34023B007F8C04 /* Frameworks */ = {
			isa = PBXFrameworksBuildPhase;
			buildActionMask = 2147483647;
			files = (
			);
			runOnlyForDeploymentPostprocessing = 0;
		};
/* End PBXFrameworksBuildPhase section */

/* Begin PBXGroup section */
		53281C281F34023B007F8C04 = {
			isa = PBXGroup;
			children = (
				53281C331F34023B007F8C04 /* Program 6 */,
				53281C321F34023B007F8C04 /* Products */,
			);
			sourceTree = "<group>";
		};
		53281C321F34023B007F8C04 /* Products */ = {
			isa = PBXGroup;
			children = (
				53281C311F34023B007F8C04 /* Program 6 */,
			);
			name = Products;
			sourceTree = "<group>";
		};
		53281C331F34023B007F8C04 /* Program 6 */ = {
			isa = PBXGroup;
			children = (
				53281C341F34023B007F8C04 /* prog6_jhd35_jae90_zms24.cpp */,
				53281C3B1F34031D007F8C04 /* prog6_751inp.txt */,
				53281C3C1F3403AF007F8C04 /* prog6_751out.txt */,
			);
			path = "Program 6";
			sourceTree = "<group>";
		};
/* End PBXGroup section */

/* Begin PBXNativeTarget section */
		53281C301F34023B007F8C04 /* Program 6 */ = {
			isa = PBXNativeTarget;
			buildConfigurationList = 53281C381F34023B007F8C04 /* Build configuration list for PBXNativeTarget "Program 6" */;
			buildPhases = (
				53281C2D1F34023B007F8C04 /* Sources */,
				53281C2E1F34023B007F8C04 /* Frameworks */,
				53281C2F1F34023B007F8C04 /* CopyFiles */,
			);
			buildRules = (
			);
			dependencies = (
			);
			name = "Program 6";
			productName = "Program 6";
			productReference = 53281C311F34023B007F8C04 /* Program 6 */;
			productType = "com.apple.product-type.tool";
		};
/* End PBXNativeTarget section */

/* Begin PBXProject section */
		53281C291F34023B007F8C04 /* Project object */ = {
			isa = PBXProject;
			attributes = {
				LastUpgradeCheck = 0830;
				ORGANIZATIONNAME = "zane saul";
				TargetAttributes = {
					53281C301F34023B007F8C04 = {
						CreatedOnToolsVersion = 8.3.3;
						DevelopmentTeam = H2575G2E58;
						ProvisioningStyle = Automatic;
					};
				};
			};
			buildConfigurationList = 53281C2C1F34023B007F8C04 /* Build configuration list for PBXProject "Program 6" */;
			compatibilityVersion = "Xcode 3.2";
			developmentRegion = English;
			hasScannedForEncodings = 0;
			knownRegions = (
				en,
			);
			mainGroup = 53281C281F34023B007F8C04;
			productRefGroup = 53281C321F34023B007F8C04 /* Products */;
			projectDirPath = "";
			projectRoot = "";
			targets = (
				53281C301F34023B007F8C04 /* Program 6 */,
			);
		};
/* End PBXProject section */

/* Begin PBXSourcesBuildPhase section */
		53281C2D1F34023B007F8C04 /* Sources */ = {
			isa = PBXSourcesBuildPhase;
			buildActionMask = 2147483647;
			files = (
				53281C351F34023B007F8C04 /* prog6_jhd35_jae90_zms24.cpp in Sources */,
			);
			runOnlyForDeploymentPostprocessing = 0;
		};
/* End PBXSourcesBuildPhase section */

/* Begin XCBuildConfiguration section */
		53281C361F34023B007F8C04 /* Debug */ = {
			isa = XCBuildConfiguration;
			buildSettings = {
				ALWAYS_SEARCH_USER_PATHS = NO;
				CLANG_ANALYZER_NONNULL = YES;
				CLANG_ANALYZER_NUMBER_OBJECT_CONVERSION = YES_AGGRESSIVE;
				CLANG_CXX_LANGUAGE_STANDARD = "gnu++0x";
				CLANG_CXX_LIBRARY = "libc++";
				CLANG_ENABLE_MODULES = YES;
				CLANG_ENABLE_OBJC_ARC = YES;
				CLANG_WARN_BOOL_CONVERSION = YES;
				CLANG_WARN_CONSTANT_CONVERSION = YES;
				CLANG_WARN_DIRECT_OBJC_ISA_USAGE = YES_ERROR;
				CLANG_WARN_DOCUMENTATION_COMMENTS = YES;
				CLANG_WARN_EMPTY_BODY = YES;
				CLANG_WARN_ENUM_CONVERSION = YES;
				CLANG_WARN_INFINITE_RECURSION = YES;
				CLANG_WARN_INT_CONVERSION = YES;
				CLANG_WARN_OBJC_ROOT_CLASS = YES_ERROR;
				CLANG_WARN_SUSPICIOUS_MOVE = YES;
				CLANG_WARN_UNREACHABLE_CODE = YES;
				CLANG_WARN__DUPLICATE_METHOD_MATCH = YES;
				CODE_SIGN_IDENTITY = "-";
				COPY_PHASE_STRIP = NO;
				DEBUG_INFORMATION_FORMAT = dwarf;
				ENABLE_STRICT_OBJC_MSGSEND = YES;
				ENABLE_TESTABILITY = YES;
				GCC_C_LANGUAGE_STANDARD = gnu99;
				GCC_DYNAMIC_NO_PIC = NO;
				GCC_NO_COMMON_BLOCKS = YES;
				GCC_OPTIMIZATION_LEVEL = 0;
				GCC_PREPROCESSOR_DEFINITIONS = (
					"DEBUG=1",
					"$(inherited)",
				);
				GCC_WARN_64_TO_32_BIT_CONVERSION = YES;
				GCC_WARN_ABOUT_RETURN_TYPE = YES_ERROR;
				GCC_WARN_UNDECLARED_SELECTOR = YES;
				GCC_WARN_UNINITIALIZED_AUTOS = YES_AGGRESSIVE;
				GCC_WARN_UNUSED_FUNCTION = YES;
				GCC_WARN_UNUSED_VARIABLE = YES;
				MACOSX_DEPLOYMENT_TARGET = 10.12;
				MTL_ENABLE_DEBUG_INFO = YES;
				ONLY_ACTIVE_ARCH = YES;
				SDKROOT = macosx;
			};
			name = Debug;
		};
		53281C371F34023B007F8C04 /* Release */ = {
			isa = XCBuildConfiguration;
			buildSettings = {
				ALWAYS_SEARCH_USER_PATHS = NO;
				CLANG_ANALYZER_NONNULL = YES;
				CLANG_ANALYZER_NUMBER_OBJECT_CONVERSION = YES_AGGRESSIVE;
				CLANG_CXX_LANGUAGE_STANDARD = "gnu++0x";
				CLANG_CXX_LIBRARY = "libc++";
				CLANG_ENABLE_MODULES = YES;
				CLANG_ENABLE_OBJC_ARC = YES;
				CLANG_WARN_BOOL_CONVERSION = YES;
				CLANG_WARN_CONSTANT_CONVERSION = YES;
				CLANG_WARN_DIRECT_OBJC_ISA_USAGE = YES_ERROR;
				CLANG_WARN_DOCUMENTATION_COMMENTS = YES;
				CLANG_WARN_EMPTY_BODY = YES;
				CLANG_WARN_ENUM_CONVERSION = YES;
				CLANG_WARN_INFINITE_RECURSION = YES;
				CLANG_WARN_INT_CONVERSION = YES;
				CLANG_WARN_OBJC_ROOT_CLASS = YES_ERROR;
				CLANG_WARN_SUSPICIOUS_MOVE = YES;
				CLANG_WARN_UNREACHABLE_CODE = YES;
				CLANG_WARN__DUPLICATE_METHOD_MATCH = YES;
				CODE_SIGN_IDENTITY = "-";
				COPY_PHASE_STRIP = NO;
				DEBUG_INFORMATION_FORMAT = "dwarf-with-dsym";
				ENABLE_NS_ASSERTIONS = NO;
				ENABLE_STRICT_OBJC_MSGSEND = YES;
				GCC_C_LANGUAGE_STANDARD = gnu99;
				GCC_NO_COMMON_BLOCKS = YES;
				GCC_WARN_64_TO_32_BIT_CONVERSION = YES;
				GCC_WARN_ABOUT_RETURN_TYPE = YES_ERROR;
				GCC_WARN_UNDECLARED_SELECTOR = YES;
				GCC_WARN_UNINITIALIZED_AUTOS = YES_AGGRESSIVE;
				GCC_WARN_UNUSED_FUNCTION = YES;
				GCC_WARN_UNUSED_VARIABLE = YES;
				MACOSX_DEPLOYMENT_TARGET = 10.12;
				MTL_ENABLE_DEBUG_INFO = NO;
				SDKROOT = macosx;
			};
			name = Release;
		};
		53281C391F34023B007F8C04 /* Debug */ = {
			isa = XCBuildConfiguration;
			buildSettings = {
				DEVELOPMENT_TEAM = H2575G2E58;
				PRODUCT_NAME = "$(TARGET_NAME)";
			};
			name = Debug;
		};
		53281C3A1F34023B007F8C04 /* Release */ = {
			isa = XCBuildConfiguration;
			buildSettings = {
				DEVELOPMENT_TEAM = H2575G2E58;
				PRODUCT_NAME = "$(TARGET_NAME)";
			};
			name = Release;
		};
/* End XCBuildConfiguration section */

/* Begin XCConfigurationList section */
		53281C2C1F34023B007F8C04 /* Build configuration list for PBXProject "Program 6" */ = {
			isa = XCConfigurationList;
			buildConfigurations = (
				53281C361F34023B007F8C04 /* Debug */,
				53281C371F34023B007F8C04 /* Release */,
			);
			defaultConfigurationIsVisible = 0;
			defaultConfigurationName = Release;
		};
		53281C381F34023B007F8C04 /* Build configuration list for PBXNativeTarget "Program 6" */ = {
			isa = XCConfigurationList;
			buildConfigurations = (
				53281C391F34023B007F8C04 /* Debug */,
				53281C3A1F34023B007F8C04 /* Release */,
			);
			defaultConfigurationIsVisible = 0;
		};
/* End XCConfigurationList section */
	};
	rootObject = 53281C291F34023B007F8C04 /* Project object */;
}
