// !$*UTF8*$!
{
	archiveVersion = 1;
	classes = {
	};
	objectVersion = 46;
	objects = {

/* Begin PBXBuildFile section */
		53EDFE7B1F2FF3BC006B6BC6 /* prog5_jhd35_jae90_zms24.cpp in Sources */ = {isa = PBXBuildFile; fileRef = 53EDFE7A1F2FF3BC006B6BC6 /* prog5_jhd35_jae90_zms24.cpp */; };
/* End PBXBuildFile section */

/* Begin PBXCopyFilesBuildPhase section */
		53EDFE751F2FF3BC006B6BC6 /* CopyFiles */ = {
			isa = PBXCopyFilesBuildPhase;
			buildActionMask = 2147483647;
			dstPath = /usr/share/man/man1/;
			dstSubfolderSpec = 0;
			files = (
			);
			runOnlyForDeploymentPostprocessing = 1;
		};
/* End PBXCopyFilesBuildPhase section */

/* Begin PBXFileReference section */
		53EDFE771F2FF3BC006B6BC6 /* Program 5(Team) */ = {isa = PBXFileReference; explicitFileType = "compiled.mach-o.executable"; includeInIndex = 0; path = "Program 5(Team)"; sourceTree = BUILT_PRODUCTS_DIR; };
		53EDFE7A1F2FF3BC006B6BC6 /* prog5_jhd35_jae90_zms24.cpp */ = {isa = PBXFileReference; lastKnownFileType = sourcecode.cpp.cpp; path = prog5_jhd35_jae90_zms24.cpp; sourceTree = "<group>"; };
		53EDFE811F2FF3E7006B6BC6 /* prog5_751inp.txt */ = {isa = PBXFileReference; fileEncoding = 4; lastKnownFileType = text; path = prog5_751inp.txt; sourceTree = "<group>"; };
		53EDFE821F2FF4AD006B6BC6 /* prog5_751out.txt */ = {isa = PBXFileReference; lastKnownFileType = text; path = prog5_751out.txt; sourceTree = "<group>"; };
/* End PBXFileReference section */

/* Begin PBXFrameworksBuildPhase section */
		53EDFE741F2FF3BC006B6BC6 /* Frameworks */ = {
			isa = PBXFrameworksBuildPhase;
			buildActionMask = 2147483647;
			files = (
			);
			runOnlyForDeploymentPostprocessing = 0;
		};
/* End PBXFrameworksBuildPhase section */

/* Begin PBXGroup section */
		53EDFE6E1F2FF3BC006B6BC6 = {
			isa = PBXGroup;
			children = (
				53EDFE791F2FF3BC006B6BC6 /* Program 5(Team) */,
				53EDFE781F2FF3BC006B6BC6 /* Products */,
			);
			sourceTree = "<group>";
		};
		53EDFE781F2FF3BC006B6BC6 /* Products */ = {
			isa = PBXGroup;
			children = (
				53EDFE771F2FF3BC006B6BC6 /* Program 5(Team) */,
			);
			name = Products;
			sourceTree = "<group>";
		};
		53EDFE791F2FF3BC006B6BC6 /* Program 5(Team) */ = {
			isa = PBXGroup;
			children = (
				53EDFE7A1F2FF3BC006B6BC6 /* prog5_jhd35_jae90_zms24.cpp */,
				53EDFE811F2FF3E7006B6BC6 /* prog5_751inp.txt */,
				53EDFE821F2FF4AD006B6BC6 /* prog5_751out.txt */,
			);
			path = "Program 5(Team)";
			sourceTree = "<group>";
		};
/* End PBXGroup section */

/* Begin PBXNativeTarget section */
		53EDFE761F2FF3BC006B6BC6 /* Program 5(Team) */ = {
			isa = PBXNativeTarget;
			buildConfigurationList = 53EDFE7E1F2FF3BC006B6BC6 /* Build configuration list for PBXNativeTarget "Program 5(Team)" */;
			buildPhases = (
				53EDFE731F2FF3BC006B6BC6 /* Sources */,
				53EDFE741F2FF3BC006B6BC6 /* Frameworks */,
				53EDFE751F2FF3BC006B6BC6 /* CopyFiles */,
			);
			buildRules = (
			);
			dependencies = (
			);
			name = "Program 5(Team)";
			productName = "Program 5(Team)";
			productReference = 53EDFE771F2FF3BC006B6BC6 /* Program 5(Team) */;
			productType = "com.apple.product-type.tool";
		};
/* End PBXNativeTarget section */

/* Begin PBXProject section */
		53EDFE6F1F2FF3BC006B6BC6 /* Project object */ = {
			isa = PBXProject;
			attributes = {
				LastUpgradeCheck = 0830;
				ORGANIZATIONNAME = "zane saul";
				TargetAttributes = {
					53EDFE761F2FF3BC006B6BC6 = {
						CreatedOnToolsVersion = 8.3.3;
						DevelopmentTeam = H2575G2E58;
						ProvisioningStyle = Automatic;
					};
				};
			};
			buildConfigurationList = 53EDFE721F2FF3BC006B6BC6 /* Build configuration list for PBXProject "Program 5(Team)" */;
			compatibilityVersion = "Xcode 3.2";
			developmentRegion = English;
			hasScannedForEncodings = 0;
			knownRegions = (
				en,
			);
			mainGroup = 53EDFE6E1F2FF3BC006B6BC6;
			productRefGroup = 53EDFE781F2FF3BC006B6BC6 /* Products */;
			projectDirPath = "";
			projectRoot = "";
			targets = (
				53EDFE761F2FF3BC006B6BC6 /* Program 5(Team) */,
			);
		};
/* End PBXProject section */

/* Begin PBXSourcesBuildPhase section */
		53EDFE731F2FF3BC006B6BC6 /* Sources */ = {
			isa = PBXSourcesBuildPhase;
			buildActionMask = 2147483647;
			files = (
				53EDFE7B1F2FF3BC006B6BC6 /* prog5_jhd35_jae90_zms24.cpp in Sources */,
			);
			runOnlyForDeploymentPostprocessing = 0;
		};
/* End PBXSourcesBuildPhase section */

/* Begin XCBuildConfiguration section */
		53EDFE7C1F2FF3BC006B6BC6 /* Debug */ = {
			isa = XCBuildConfiguration;
			buildSettings = {
				ALWAYS_SEARCH_USER_PATHS = NO;
				CLANG_ANALYZER_NONNULL = YES;
				CLANG_ANALYZER_NUMBER_OBJECT_CONVERSION = YES_AGGRESSIVE;
				CLANG_CXX_LANGUAGE_STANDARD = "gnu++0x";
				CLANG_CXX_LIBRARY = "libc++";
				CLANG_ENABLE_MODULES = YES;
				CLANG_ENABLE_OBJC_ARC = YES;
				CLANG_WARN_BOOL_CONVERSION = YES;
				CLANG_WARN_CONSTANT_CONVERSION = YES;
				CLANG_WARN_DIRECT_OBJC_ISA_USAGE = YES_ERROR;
				CLANG_WARN_DOCUMENTATION_COMMENTS = YES;
				CLANG_WARN_EMPTY_BODY = YES;
				CLANG_WARN_ENUM_CONVERSION = YES;
				CLANG_WARN_INFINITE_RECURSION = YES;
				CLANG_WARN_INT_CONVERSION = YES;
				CLANG_WARN_OBJC_ROOT_CLASS = YES_ERROR;
				CLANG_WARN_SUSPICIOUS_MOVE = YES;
				CLANG_WARN_UNREACHABLE_CODE = YES;
				CLANG_WARN__DUPLICATE_METHOD_MATCH = YES;
				CODE_SIGN_IDENTITY = "-";
				COPY_PHASE_STRIP = NO;
				DEBUG_INFORMATION_FORMAT = dwarf;
				ENABLE_STRICT_OBJC_MSGSEND = YES;
				ENABLE_TESTABILITY = YES;
				GCC_C_LANGUAGE_STANDARD = gnu99;
				GCC_DYNAMIC_NO_PIC = NO;
				GCC_NO_COMMON_BLOCKS = YES;
				GCC_OPTIMIZATION_LEVEL = 0;
				GCC_PREPROCESSOR_DEFINITIONS = (
					"DEBUG=1",
					"$(inherited)",
				);
				GCC_WARN_64_TO_32_BIT_CONVERSION = YES;
				GCC_WARN_ABOUT_RETURN_TYPE = YES_ERROR;
				GCC_WARN_UNDECLARED_SELECTOR = YES;
				GCC_WARN_UNINITIALIZED_AUTOS = YES_AGGRESSIVE;
				GCC_WARN_UNUSED_FUNCTION = YES;
				GCC_WARN_UNUSED_VARIABLE = YES;
				MACOSX_DEPLOYMENT_TARGET = 10.12;
				MTL_ENABLE_DEBUG_INFO = YES;
				ONLY_ACTIVE_ARCH = YES;
				SDKROOT = macosx;
			};
			name = Debug;
		};
		53EDFE7D1F2FF3BC006B6BC6 /* Release */ = {
			isa = XCBuildConfiguration;
			buildSettings = {
				ALWAYS_SEARCH_USER_PATHS = NO;
				CLANG_ANALYZER_NONNULL = YES;
				CLANG_ANALYZER_NUMBER_OBJECT_CONVERSION = YES_AGGRESSIVE;
				CLANG_CXX_LANGUAGE_STANDARD = "gnu++0x";
				CLANG_CXX_LIBRARY = "libc++";
				CLANG_ENABLE_MODULES = YES;
				CLANG_ENABLE_OBJC_ARC = YES;
				CLANG_WARN_BOOL_CONVERSION = YES;
				CLANG_WARN_CONSTANT_CONVERSION = YES;
				CLANG_WARN_DIRECT_OBJC_ISA_USAGE = YES_ERROR;
				CLANG_WARN_DOCUMENTATION_COMMENTS = YES;
				CLANG_WARN_EMPTY_BODY = YES;
				CLANG_WARN_ENUM_CONVERSION = YES;
				CLANG_WARN_INFINITE_RECURSION = YES;
				CLANG_WARN_INT_CONVERSION = YES;
				CLANG_WARN_OBJC_ROOT_CLASS = YES_ERROR;
				CLANG_WARN_SUSPICIOUS_MOVE = YES;
				CLANG_WARN_UNREACHABLE_CODE = YES;
				CLANG_WARN__DUPLICATE_METHOD_MATCH = YES;
				CODE_SIGN_IDENTITY = "-";
				COPY_PHASE_STRIP = NO;
				DEBUG_INFORMATION_FORMAT = "dwarf-with-dsym";
				ENABLE_NS_ASSERTIONS = NO;
				ENABLE_STRICT_OBJC_MSGSEND = YES;
				GCC_C_LANGUAGE_STANDARD = gnu99;
				GCC_NO_COMMON_BLOCKS = YES;
				GCC_WARN_64_TO_32_BIT_CONVERSION = YES;
				GCC_WARN_ABOUT_RETURN_TYPE = YES_ERROR;
				GCC_WARN_UNDECLARED_SELECTOR = YES;
				GCC_WARN_UNINITIALIZED_AUTOS = YES_AGGRESSIVE;
				GCC_WARN_UNUSED_FUNCTION = YES;
				GCC_WARN_UNUSED_VARIABLE = YES;
				MACOSX_DEPLOYMENT_TARGET = 10.12;
				MTL_ENABLE_DEBUG_INFO = NO;
				SDKROOT = macosx;
			};
			name = Release;
		};
		53EDFE7F1F2FF3BC006B6BC6 /* Debug */ = {
			isa = XCBuildConfiguration;
			buildSettings = {
				DEVELOPMENT_TEAM = H2575G2E58;
				PRODUCT_NAME = "$(TARGET_NAME)";
			};
			name = Debug;
		};
		53EDFE801F2FF3BC006B6BC6 /* Release */ = {
			isa = XCBuildConfiguration;
			buildSettings = {
				DEVELOPMENT_TEAM = H2575G2E58;
				PRODUCT_NAME = "$(TARGET_NAME)";
			};
			name = Release;
		};
/* End XCBuildConfiguration section */

/* Begin XCConfigurationList section */
		53EDFE721F2FF3BC006B6BC6 /* Build configuration list for PBXProject "Program 5(Team)" */ = {
			isa = XCConfigurationList;
			buildConfigurations = (
				53EDFE7C1F2FF3BC006B6BC6 /* Debug */,
				53EDFE7D1F2FF3BC006B6BC6 /* Release */,
			);
			defaultConfigurationIsVisible = 0;
			defaultConfigurationName = Release;
		};
		53EDFE7E1F2FF3BC006B6BC6 /* Build configuration list for PBXNativeTarget "Program 5(Team)" */ = {
			isa = XCConfigurationList;
			buildConfigurations = (
				53EDFE7F1F2FF3BC006B6BC6 /* Debug */,
				53EDFE801F2FF3BC006B6BC6 /* Release */,
			);
			defaultConfigurationIsVisible = 0;
		};
/* End XCConfigurationList section */
	};
	rootObject = 53EDFE6F1F2FF3BC006B6BC6 /* Project object */;
}
